
Microsoft Visual Studio Solution File, Format Version 12.00
# Visual Studio 15
VisualStudioVersion = 15.0.27130.2010
MinimumVisualStudioVersion = 10.0.40219.1
Project("{FAE04EC0-301F-11D3-BF4B-00C04F79EFBC}") = "OdejzdyAutobusu", "OdejzdyAutobusu\OdejzdyAutobusu.csproj", "{472CB109-766B-41CB-8AB4-36CE34074AE5}"
EndProject
Project("{FAE04EC0-301F-11D3-BF4B-00C04F79EFBC}") = "Mapper", "Mapper\Mapper.csproj", "{2F557542-F737-4652-906C-B7CB0E4FFB5A}"
EndProject
Global
	GlobalSection(SolutionConfigurationPlatforms) = preSolution
		Debug|Any CPU = Debug|Any CPU
		Release|Any CPU = Release|Any CPU
	EndGlobalSection
	GlobalSection(ProjectConfigurationPlatforms) = postSolution
		{472CB109-766B-41CB-8AB4-36CE34074AE5}.Debug|Any CPU.ActiveCfg = Debug|Any CPU
		{472CB109-766B-41CB-8AB4-36CE34074AE5}.Debug|Any CPU.Build.0 = Debug|Any CPU
		{472CB109-766B-41CB-8AB4-36CE34074AE5}.Release|Any CPU.ActiveCfg = Release|Any CPU
		{472CB109-766B-41CB-8AB4-36CE34074AE5}.Release|Any CPU.Build.0 = Release|Any CPU
		{2F557542-F737-4652-906C-B7CB0E4FFB5A}.Debug|Any CPU.ActiveCfg = Debug|Any CPU
		{2F557542-F737-4652-906C-B7CB0E4FFB5A}.Debug|Any CPU.Build.0 = Debug|Any CPU
		{2F557542-F737-4652-906C-B7CB0E4FFB5A}.Release|Any CPU.ActiveCfg = Release|Any CPU
		{2F557542-F737-4652-906C-B7CB0E4FFB5A}.Release|Any CPU.Build.0 = Release|Any CPU
	EndGlobalSection
	GlobalSection(SolutionProperties) = preSolution
		HideSolutionNode = FALSE
	EndGlobalSection
	GlobalSection(ExtensibilityGlobals) = postSolution
		SolutionGuid = {DA7F8720-1805-46EC-9B80-5044CDAE96F9}
	EndGlobalSection
EndGlobal
